{
  "requires": true,
  "lockfileVersion": 1,
  "dependencies": {
    "@dirover/ajs-browser-vs-nodejs-task-3": {
      "version": "1.0.0",
      "resolved": "https://npm.pkg.github.com/download/@dirover/ajs-browser-vs-nodejs-task-3/1.0.0/31392823df31243ac9cd6a7b5d2e5fe137ef851685e20fb3fe613bf837d7f737",
      "integrity": "sha512-BRxmtBDWg2U6THvYxcs9Pwe0k9j+IsAIoEewP6Cfe6YRrP4quDWnM4tM9k65oejWCfGEER7/n4Yi+7fszWUR8g=="
    }
  }
}
